
Microsoft Visual Studio Solution File, Format Version 12.00
# Visual Studio Version 16
VisualStudioVersion = 16.0.30011.22
MinimumVisualStudioVersion = 10.0.40219.1
Project("{FAE04EC0-301F-11D3-BF4B-00C04F79EFBC}") = "Arm_App", "Arm_App\Arm_App.csproj", "{EA581D59-8705-4B4D-B391-0CDECCA3316B}"
EndProject
Project("{FAE04EC0-301F-11D3-BF4B-00C04F79EFBC}") = "CB_V1.Android", "CB_V1\CB_V1.Android\CB_V1.Android.csproj", "{59CEE7E5-2949-4218-9B97-C7B1F63104F5}"
EndProject
Project("{FAE04EC0-301F-11D3-BF4B-00C04F79EFBC}") = "CB_V1.iOS", "CB_V1\CB_V1.iOS\CB_V1.iOS.csproj", "{CDE1A09C-55AB-4A03-B810-DA6B9057B1D7}"
EndProject
Project("{FAE04EC0-301F-11D3-BF4B-00C04F79EFBC}") = "CB_V1", "CB_V1\CB_V1\CB_V1.csproj", "{B511295B-8FDC-46FA-9B22-C4D93CF9B1AD}"
EndProject
Global
	GlobalSection(SolutionConfigurationPlatforms) = preSolution
		Debug|Any CPU = Debug|Any CPU
		Debug|ARM = Debug|ARM
		Debug|iPhone = Debug|iPhone
		Debug|iPhoneSimulator = Debug|iPhoneSimulator
		Debug|x64 = Debug|x64
		Debug|x86 = Debug|x86
		Release|Any CPU = Release|Any CPU
		Release|ARM = Release|ARM
		Release|iPhone = Release|iPhone
		Release|iPhoneSimulator = Release|iPhoneSimulator
		Release|x64 = Release|x64
		Release|x86 = Release|x86
	EndGlobalSection
	GlobalSection(ProjectConfigurationPlatforms) = postSolution
		{EA581D59-8705-4B4D-B391-0CDECCA3316B}.Debug|Any CPU.ActiveCfg = Debug|Any CPU
		{EA581D59-8705-4B4D-B391-0CDECCA3316B}.Debug|Any CPU.Build.0 = Debug|Any CPU
		{EA581D59-8705-4B4D-B391-0CDECCA3316B}.Debug|Any CPU.Deploy.0 = Debug|Any CPU
		{EA581D59-8705-4B4D-B391-0CDECCA3316B}.Debug|ARM.ActiveCfg = Debug|Any CPU
		{EA581D59-8705-4B4D-B391-0CDECCA3316B}.Debug|ARM.Build.0 = Debug|Any CPU
		{EA581D59-8705-4B4D-B391-0CDECCA3316B}.Debug|ARM.Deploy.0 = Debug|Any CPU
		{EA581D59-8705-4B4D-B391-0CDECCA3316B}.Debug|iPhone.ActiveCfg = Debug|Any CPU
		{EA581D59-8705-4B4D-B391-0CDECCA3316B}.Debug|iPhone.Build.0 = Debug|Any CPU
		{EA581D59-8705-4B4D-B391-0CDECCA3316B}.Debug|iPhone.Deploy.0 = Debug|Any CPU
		{EA581D59-8705-4B4D-B391-0CDECCA3316B}.Debug|iPhoneSimulator.ActiveCfg = Debug|Any CPU
		{EA581D59-8705-4B4D-B391-0CDECCA3316B}.Debug|iPhoneSimulator.Build.0 = Debug|Any CPU
		{EA581D59-8705-4B4D-B391-0CDECCA3316B}.Debug|iPhoneSimulator.Deploy.0 = Debug|Any CPU
		{EA581D59-8705-4B4D-B391-0CDECCA3316B}.Debug|x64.ActiveCfg = Debug|Any CPU
		{EA581D59-8705-4B4D-B391-0CDECCA3316B}.Debug|x64.Build.0 = Debug|Any CPU
		{EA581D59-8705-4B4D-B391-0CDECCA3316B}.Debug|x64.Deploy.0 = Debug|Any CPU
		{EA581D59-8705-4B4D-B391-0CDECCA3316B}.Debug|x86.ActiveCfg = Debug|Any CPU
		{EA581D59-8705-4B4D-B391-0CDECCA3316B}.Debug|x86.Build.0 = Debug|Any CPU
		{EA581D59-8705-4B4D-B391-0CDECCA3316B}.Debug|x86.Deploy.0 = Debug|Any CPU
		{EA581D59-8705-4B4D-B391-0CDECCA3316B}.Release|Any CPU.ActiveCfg = Release|Any CPU
		{EA581D59-8705-4B4D-B391-0CDECCA3316B}.Release|Any CPU.Build.0 = Release|Any CPU
		{EA581D59-8705-4B4D-B391-0CDECCA3316B}.Release|Any CPU.Deploy.0 = Release|Any CPU
		{EA581D59-8705-4B4D-B391-0CDECCA3316B}.Release|ARM.ActiveCfg = Release|Any CPU
		{EA581D59-8705-4B4D-B391-0CDECCA3316B}.Release|ARM.Build.0 = Release|Any CPU
		{EA581D59-8705-4B4D-B391-0CDECCA3316B}.Release|ARM.Deploy.0 = Release|Any CPU
		{EA581D59-8705-4B4D-B391-0CDECCA3316B}.Release|iPhone.ActiveCfg = Release|Any CPU
		{EA581D59-8705-4B4D-B391-0CDECCA3316B}.Release|iPhone.Build.0 = Release|Any CPU
		{EA581D59-8705-4B4D-B391-0CDECCA3316B}.Release|iPhone.Deploy.0 = Release|Any CPU
		{EA581D59-8705-4B4D-B391-0CDECCA3316B}.Release|iPhoneSimulator.ActiveCfg = Release|Any CPU
		{EA581D59-8705-4B4D-B391-0CDECCA3316B}.Release|iPhoneSimulator.Build.0 = Release|Any CPU
		{EA581D59-8705-4B4D-B391-0CDECCA3316B}.Release|iPhoneSimulator.Deploy.0 = Release|Any CPU
		{EA581D59-8705-4B4D-B391-0CDECCA3316B}.Release|x64.ActiveCfg = Release|Any CPU
		{EA581D59-8705-4B4D-B391-0CDECCA3316B}.Release|x64.Build.0 = Release|Any CPU
		{EA581D59-8705-4B4D-B391-0CDECCA3316B}.Release|x64.Deploy.0 = Release|Any CPU
		{EA581D59-8705-4B4D-B391-0CDECCA3316B}.Release|x86.ActiveCfg = Release|Any CPU
		{EA581D59-8705-4B4D-B391-0CDECCA3316B}.Release|x86.Build.0 = Release|Any CPU
		{EA581D59-8705-4B4D-B391-0CDECCA3316B}.Release|x86.Deploy.0 = Release|Any CPU
		{59CEE7E5-2949-4218-9B97-C7B1F63104F5}.Debug|Any CPU.ActiveCfg = Debug|Any CPU
		{59CEE7E5-2949-4218-9B97-C7B1F63104F5}.Debug|Any CPU.Build.0 = Debug|Any CPU
		{59CEE7E5-2949-4218-9B97-C7B1F63104F5}.Debug|Any CPU.Deploy.0 = Debug|Any CPU
		{59CEE7E5-2949-4218-9B97-C7B1F63104F5}.Debug|ARM.ActiveCfg = Debug|Any CPU
		{59CEE7E5-2949-4218-9B97-C7B1F63104F5}.Debug|ARM.Build.0 = Debug|Any CPU
		{59CEE7E5-2949-4218-9B97-C7B1F63104F5}.Debug|ARM.Deploy.0 = Debug|Any CPU
		{59CEE7E5-2949-4218-9B97-C7B1F63104F5}.Debug|iPhone.ActiveCfg = Debug|Any CPU
		{59CEE7E5-2949-4218-9B97-C7B1F63104F5}.Debug|iPhone.Build.0 = Debug|Any CPU
		{59CEE7E5-2949-4218-9B97-C7B1F63104F5}.Debug|iPhone.Deploy.0 = Debug|Any CPU
		{59CEE7E5-2949-4218-9B97-C7B1F63104F5}.Debug|iPhoneSimulator.ActiveCfg = Debug|Any CPU
		{59CEE7E5-2949-4218-9B97-C7B1F63104F5}.Debug|iPhoneSimulator.Build.0 = Debug|Any CPU
		{59CEE7E5-2949-4218-9B97-C7B1F63104F5}.Debug|iPhoneSimulator.Deploy.0 = Debug|Any CPU
		{59CEE7E5-2949-4218-9B97-C7B1F63104F5}.Debug|x64.ActiveCfg = Debug|Any CPU
		{59CEE7E5-2949-4218-9B97-C7B1F63104F5}.Debug|x64.Build.0 = Debug|Any CPU
		{59CEE7E5-2949-4218-9B97-C7B1F63104F5}.Debug|x64.Deploy.0 = Debug|Any CPU
		{59CEE7E5-2949-4218-9B97-C7B1F63104F5}.Debug|x86.ActiveCfg = Debug|Any CPU
		{59CEE7E5-2949-4218-9B97-C7B1F63104F5}.Debug|x86.Build.0 = Debug|Any CPU
		{59CEE7E5-2949-4218-9B97-C7B1F63104F5}.Debug|x86.Deploy.0 = Debug|Any CPU
		{59CEE7E5-2949-4218-9B97-C7B1F63104F5}.Release|Any CPU.ActiveCfg = Release|Any CPU
		{59CEE7E5-2949-4218-9B97-C7B1F63104F5}.Release|Any CPU.Build.0 = Release|Any CPU
		{59CEE7E5-2949-4218-9B97-C7B1F63104F5}.Release|Any CPU.Deploy.0 = Release|Any CPU
		{59CEE7E5-2949-4218-9B97-C7B1F63104F5}.Release|ARM.ActiveCfg = Release|Any CPU
		{59CEE7E5-2949-4218-9B97-C7B1F63104F5}.Release|ARM.Build.0 = Release|Any CPU
		{59CEE7E5-2949-4218-9B97-C7B1F63104F5}.Release|ARM.Deploy.0 = Release|Any CPU
		{59CEE7E5-2949-4218-9B97-C7B1F63104F5}.Release|iPhone.ActiveCfg = Release|Any CPU
		{59CEE7E5-2949-4218-9B97-C7B1F63104F5}.Release|iPhone.Build.0 = Release|Any CPU
		{59CEE7E5-2949-4218-9B97-C7B1F63104F5}.Release|iPhone.Deploy.0 = Release|Any CPU
		{59CEE7E5-2949-4218-9B97-C7B1F63104F5}.Release|iPhoneSimulator.ActiveCfg = Release|Any CPU
		{59CEE7E5-2949-4218-9B97-C7B1F63104F5}.Release|iPhoneSimulator.Build.0 = Release|Any CPU
		{59CEE7E5-2949-4218-9B97-C7B1F63104F5}.Release|iPhoneSimulator.Deploy.0 = Release|Any CPU
		{59CEE7E5-2949-4218-9B97-C7B1F63104F5}.Release|x64.ActiveCfg = Release|Any CPU
		{59CEE7E5-2949-4218-9B97-C7B1F63104F5}.Release|x64.Build.0 = Release|Any CPU
		{59CEE7E5-2949-4218-9B97-C7B1F63104F5}.Release|x64.Deploy.0 = Release|Any CPU
		{59CEE7E5-2949-4218-9B97-C7B1F63104F5}.Release|x86.ActiveCfg = Release|Any CPU
		{59CEE7E5-2949-4218-9B97-C7B1F63104F5}.Release|x86.Build.0 = Release|Any CPU
		{59CEE7E5-2949-4218-9B97-C7B1F63104F5}.Release|x86.Deploy.0 = Release|Any CPU
		{CDE1A09C-55AB-4A03-B810-DA6B9057B1D7}.Debug|Any CPU.ActiveCfg = Debug|iPhone
		{CDE1A09C-55AB-4A03-B810-DA6B9057B1D7}.Debug|ARM.ActiveCfg = Debug|iPhone
		{CDE1A09C-55AB-4A03-B810-DA6B9057B1D7}.Debug|iPhone.ActiveCfg = Debug|iPhone
		{CDE1A09C-55AB-4A03-B810-DA6B9057B1D7}.Debug|iPhone.Build.0 = Debug|iPhone
		{CDE1A09C-55AB-4A03-B810-DA6B9057B1D7}.Debug|iPhoneSimulator.ActiveCfg = Debug|iPhoneSimulator
		{CDE1A09C-55AB-4A03-B810-DA6B9057B1D7}.Debug|iPhoneSimulator.Build.0 = Debug|iPhoneSimulator
		{CDE1A09C-55AB-4A03-B810-DA6B9057B1D7}.Debug|x64.ActiveCfg = Debug|iPhone
		{CDE1A09C-55AB-4A03-B810-DA6B9057B1D7}.Debug|x86.ActiveCfg = Debug|iPhone
		{CDE1A09C-55AB-4A03-B810-DA6B9057B1D7}.Release|Any CPU.ActiveCfg = Release|iPhone
		{CDE1A09C-55AB-4A03-B810-DA6B9057B1D7}.Release|ARM.ActiveCfg = Release|iPhone
		{CDE1A09C-55AB-4A03-B810-DA6B9057B1D7}.Release|iPhone.ActiveCfg = Release|iPhone
		{CDE1A09C-55AB-4A03-B810-DA6B9057B1D7}.Release|iPhone.Build.0 = Release|iPhone
		{CDE1A09C-55AB-4A03-B810-DA6B9057B1D7}.Release|iPhoneSimulator.ActiveCfg = Release|iPhoneSimulator
		{CDE1A09C-55AB-4A03-B810-DA6B9057B1D7}.Release|iPhoneSimulator.Build.0 = Release|iPhoneSimulator
		{CDE1A09C-55AB-4A03-B810-DA6B9057B1D7}.Release|x64.ActiveCfg = Release|iPhone
		{CDE1A09C-55AB-4A03-B810-DA6B9057B1D7}.Release|x86.ActiveCfg = Release|iPhone
		{B511295B-8FDC-46FA-9B22-C4D93CF9B1AD}.Debug|Any CPU.ActiveCfg = Debug|Any CPU
		{B511295B-8FDC-46FA-9B22-C4D93CF9B1AD}.Debug|Any CPU.Build.0 = Debug|Any CPU
		{B511295B-8FDC-46FA-9B22-C4D93CF9B1AD}.Debug|ARM.ActiveCfg = Debug|Any CPU
		{B511295B-8FDC-46FA-9B22-C4D93CF9B1AD}.Debug|ARM.Build.0 = Debug|Any CPU
		{B511295B-8FDC-46FA-9B22-C4D93CF9B1AD}.Debug|iPhone.ActiveCfg = Debug|Any CPU
		{B511295B-8FDC-46FA-9B22-C4D93CF9B1AD}.Debug|iPhone.Build.0 = Debug|Any CPU
		{B511295B-8FDC-46FA-9B22-C4D93CF9B1AD}.Debug|iPhoneSimulator.ActiveCfg = Debug|Any CPU
		{B511295B-8FDC-46FA-9B22-C4D93CF9B1AD}.Debug|iPhoneSimulator.Build.0 = Debug|Any CPU
		{B511295B-8FDC-46FA-9B22-C4D93CF9B1AD}.Debug|x64.ActiveCfg = Debug|Any CPU
		{B511295B-8FDC-46FA-9B22-C4D93CF9B1AD}.Debug|x64.Build.0 = Debug|Any CPU
		{B511295B-8FDC-46FA-9B22-C4D93CF9B1AD}.Debug|x86.ActiveCfg = Debug|Any CPU
		{B511295B-8FDC-46FA-9B22-C4D93CF9B1AD}.Debug|x86.Build.0 = Debug|Any CPU
		{B511295B-8FDC-46FA-9B22-C4D93CF9B1AD}.Release|Any CPU.ActiveCfg = Release|Any CPU
		{B511295B-8FDC-46FA-9B22-C4D93CF9B1AD}.Release|Any CPU.Build.0 = Release|Any CPU
		{B511295B-8FDC-46FA-9B22-C4D93CF9B1AD}.Release|ARM.ActiveCfg = Release|Any CPU
		{B511295B-8FDC-46FA-9B22-C4D93CF9B1AD}.Release|ARM.Build.0 = Release|Any CPU
		{B511295B-8FDC-46FA-9B22-C4D93CF9B1AD}.Release|iPhone.ActiveCfg = Release|Any CPU
		{B511295B-8FDC-46FA-9B22-C4D93CF9B1AD}.Release|iPhone.Build.0 = Release|Any CPU
		{B511295B-8FDC-46FA-9B22-C4D93CF9B1AD}.Release|iPhoneSimulator.ActiveCfg = Release|Any CPU
		{B511295B-8FDC-46FA-9B22-C4D93CF9B1AD}.Release|iPhoneSimulator.Build.0 = Release|Any CPU
		{B511295B-8FDC-46FA-9B22-C4D93CF9B1AD}.Release|x64.ActiveCfg = Release|Any CPU
		{B511295B-8FDC-46FA-9B22-C4D93CF9B1AD}.Release|x64.Build.0 = Release|Any CPU
		{B511295B-8FDC-46FA-9B22-C4D93CF9B1AD}.Release|x86.ActiveCfg = Release|Any CPU
		{B511295B-8FDC-46FA-9B22-C4D93CF9B1AD}.Release|x86.Build.0 = Release|Any CPU
	EndGlobalSection
	GlobalSection(SolutionProperties) = preSolution
		HideSolutionNode = FALSE
	EndGlobalSection
	GlobalSection(ExtensibilityGlobals) = postSolution
		SolutionGuid = {647507B7-13AF-4641-82B5-3E335564D9EB}
	EndGlobalSection
EndGlobal
